
Microsoft Visual Studio Solution File, Format Version 12.00
# Visual Studio 15
VisualStudioVersion = 15.0.28307.489
MinimumVisualStudioVersion = 10.0.40219.1
Project("{FAE04EC0-301F-11D3-BF4B-00C04F79EFBC}") = "StudentDiary", "StudentDiary\StudentDiary.csproj", "{27F8BE14-5EE9-42FB-BCDF-7812D298B0E7}"
EndProject
Global
	GlobalSection(SolutionConfigurationPlatforms) = preSolution
		Debug|Any CPU = Debug|Any CPU
		Release|Any CPU = Release|Any CPU
	EndGlobalSection
	GlobalSection(ProjectConfigurationPlatforms) = postSolution
		{27F8BE14-5EE9-42FB-BCDF-7812D298B0E7}.Debug|Any CPU.ActiveCfg = Debug|Any CPU
		{27F8BE14-5EE9-42FB-BCDF-7812D298B0E7}.Debug|Any CPU.Build.0 = Debug|Any CPU
		{27F8BE14-5EE9-42FB-BCDF-7812D298B0E7}.Release|Any CPU.ActiveCfg = Release|Any CPU
		{27F8BE14-5EE9-42FB-BCDF-7812D298B0E7}.Release|Any CPU.Build.0 = Release|Any CPU
	EndGlobalSection
	GlobalSection(SolutionProperties) = preSolution
		HideSolutionNode = FALSE
	EndGlobalSection
	GlobalSection(ExtensibilityGlobals) = postSolution
		SolutionGuid = {DFF09C9A-49A4-4577-A3F6-4AA331DBFA26}
	EndGlobalSection
EndGlobal
